
Microsoft Visual Studio Solution File, Format Version 12.00
# Visual Studio Version 16
VisualStudioVersion = 25.0.1703.8
MinimumVisualStudioVersion = 10.0.40219.1
Project("{FAE04EC0-301F-11D3-BF4B-00C04F79EFBC}") = "TesOOP", "TesOOP\TesOOP.csproj", "{18AED224-E5FE-4453-91D5-2BC80485995B}"
EndProject
Global
	GlobalSection(SolutionConfigurationPlatforms) = preSolution
		Debug|Any CPU = Debug|Any CPU
		Release|Any CPU = Release|Any CPU
	EndGlobalSection
	GlobalSection(ProjectConfigurationPlatforms) = postSolution
		{18AED224-E5FE-4453-91D5-2BC80485995B}.Debug|Any CPU.ActiveCfg = Debug|Any CPU
		{18AED224-E5FE-4453-91D5-2BC80485995B}.Debug|Any CPU.Build.0 = Debug|Any CPU
		{18AED224-E5FE-4453-91D5-2BC80485995B}.Release|Any CPU.ActiveCfg = Release|Any CPU
		{18AED224-E5FE-4453-91D5-2BC80485995B}.Release|Any CPU.Build.0 = Release|Any CPU
	EndGlobalSection
	GlobalSection(SolutionProperties) = preSolution
		HideSolutionNode = FALSE
	EndGlobalSection
	GlobalSection(ExtensibilityGlobals) = postSolution
		SolutionGuid = {7E6843E7-CB05-453F-9618-AE23E55C652F}
	EndGlobalSection
EndGlobal
